# This file is generated by running "yarn install" inside your project.
# Manual changes might be lost - proceed with caution!

__metadata:
  version: 6
  cacheKey: 8

"@xchainjs/xchain-bitcoin@npm:^0.18.2":
  version: 0.18.2
  resolution: "@xchainjs/xchain-bitcoin@npm:0.18.2"
  peerDependencies:
    "@xchainjs/xchain-client": ^0.11.2
    "@xchainjs/xchain-crypto": ^0.2.6
    "@xchainjs/xchain-util": ^0.7.1
    axios: ^0.25.0
    bitcoinjs-lib: ^5.2.0
    coinselect: ^3.1.12
    wif: ^2.0.6
  checksum: 912b35171960324c1dfe1ca12617cfd14fb21d8f6d852376f5c3cf8800277df153ec694c1d8cd4f2296e948b053dc0025f4369521bfc5d75c9abc3bf437c4b76
  languageName: node
  linkType: hard

"@xchainjs/xchain-client@npm:^0.11.3":
  version: 0.11.3
  resolution: "@xchainjs/xchain-client@npm:0.11.3"
  peerDependencies:
    "@xchainjs/xchain-crypto": ^0.2.6
    "@xchainjs/xchain-util": ^0.5.1
    axios: ^0.25.0
  checksum: b83f03b5cfbee5aea568e24a578227b6341085552bb42cf0b89d77033dadfb9581f56e1097b3c942183cb16fa2f922d638b7008bf3919d32a5f4e4b779ece77b
  languageName: node
  linkType: hard

"@xchainjs/xchain-thorchain@npm:^0.24.1":
  version: 0.24.1
  resolution: "@xchainjs/xchain-thorchain@npm:0.24.1"
  peerDependencies:
    "@cosmos-client/core": ^0.45.1
    "@xchainjs/xchain-client": ^0.11.1
    "@xchainjs/xchain-cosmos": ^0.17.0
    "@xchainjs/xchain-crypto": ^0.2.4
    "@xchainjs/xchain-util": ^0.5.1
    axios: ^0.25.0
    bech32-buffer: ^0.2.0
  checksum: 873cf010795e4dbe19fc5635b527e78a060621d2ea371b1e6f002d22a4827463d95a17bef2991bbc919e03332b932510dfa5d2d8ecb703a9465b2d3d66f6c7a1
  languageName: node
  linkType: hard

"@xchainjs/xchain-util@npm:^0.7.1":
  version: 0.7.1
  resolution: "@xchainjs/xchain-util@npm:0.7.1"
  peerDependencies:
    "@xchainjs/xchain-client": ^0.11.1
    bignumber.js: 9.x
  checksum: a9160b82233a9fa413c6a3574c7bc3fee58383611abc7576be68e87ea08fdc63188767bb80954d2bd9281b5357cc3c711f6b3197030b68761fb98a3193969de3
  languageName: node
  linkType: hard

"thorchain.js@^0.0.7, thorchain.js@workspace:.":
  version: 0.0.0-use.local
  resolution: "thorchain.js@workspace:."
  dependencies:
    "@xchainjs/xchain-bitcoin": ^0.18.2
    "@xchainjs/xchain-client": ^0.11.3
    "@xchainjs/xchain-thorchain": ^0.24.1
    "@xchainjs/xchain-util": ^0.7.1
    thorchain.js: ^0.0.7
    typescript: ^4.7.3
  languageName: unknown
  linkType: soft

"typescript@npm:^4.7.3":
  version: 4.7.3
  resolution: "typescript@npm:4.7.3"
  bin:
    tsc: bin/tsc
    tsserver: bin/tsserver
  checksum: fd13a1ce53790a36bb8350e1f5e5e384b5f6cb9b0635114a6d01d49cb99916abdcfbc13c7521cdae2f2d3f6d8bc4a8ae7625edf645a04ee940588cd5e7597b2f
  languageName: node
  linkType: hard

"typescript@patch:typescript@^4.7.3#~builtin<compat/typescript>":
  version: 4.7.3
  resolution: "typescript@patch:typescript@npm%3A4.7.3#~builtin<compat/typescript>::version=4.7.3&hash=7ad353"
  bin:
    tsc: bin/tsc
    tsserver: bin/tsserver
  checksum: 137d18a77f52254a284960b16ab53d0619f57b69b5d585804b8413f798a1175ce3e774fb95e6a101868577aafe357d8fcfc9171f0dc9fc0c210e9ae59d107cc0
  languageName: node
  linkType: hard
